
Microsoft Visual Studio Solution File, Format Version 12.00
# Visual Studio Version 16
VisualStudioVersion = 16.0.30330.147
MinimumVisualStudioVersion = 10.0.40219.1
Project("{8BC9CEB8-8B4A-11D0-8D11-00A0C91BC942}") = "StatisticsBySection", "StatisticsBySection.vcxproj", "{DC833042-77E5-48E6-8865-39D4722AF779}"
EndProject
Global
	GlobalSection(SolutionConfigurationPlatforms) = preSolution
		Debug|x64 = Debug|x64
		Debug|x86 = Debug|x86
		Release|x64 = Release|x64
		Release|x86 = Release|x86
	EndGlobalSection
	GlobalSection(ProjectConfigurationPlatforms) = postSolution
		{DC833042-77E5-48E6-8865-39D4722AF779}.Debug|x64.ActiveCfg = Debug|x64
		{DC833042-77E5-48E6-8865-39D4722AF779}.Debug|x64.Build.0 = Debug|x64
		{DC833042-77E5-48E6-8865-39D4722AF779}.Debug|x86.ActiveCfg = Debug|Win32
		{DC833042-77E5-48E6-8865-39D4722AF779}.Debug|x86.Build.0 = Debug|Win32
		{DC833042-77E5-48E6-8865-39D4722AF779}.Release|x64.ActiveCfg = Release|x64
		{DC833042-77E5-48E6-8865-39D4722AF779}.Release|x64.Build.0 = Release|x64
		{DC833042-77E5-48E6-8865-39D4722AF779}.Release|x86.ActiveCfg = Release|Win32
		{DC833042-77E5-48E6-8865-39D4722AF779}.Release|x86.Build.0 = Release|Win32
	EndGlobalSection
	GlobalSection(SolutionProperties) = preSolution
		HideSolutionNode = FALSE
	EndGlobalSection
	GlobalSection(ExtensibilityGlobals) = postSolution
		SolutionGuid = {A4C66A48-C3C0-4AD0-ADC5-F366076318C1}
	EndGlobalSection
EndGlobal
